
Microsoft Visual Studio Solution File, Format Version 12.00
# Visual Studio Version 16
VisualStudioVersion = 16.0.29613.14
MinimumVisualStudioVersion = 10.0.40219.1
Project("{FAE04EC0-301F-11D3-BF4B-00C04F79EFBC}") = "MyFakeServer", "MyFakeServer\MyFakeServer.csproj", "{137D5ECC-332E-450A-B7D3-D72BDD1C061A}"
EndProject
Global
	GlobalSection(SolutionConfigurationPlatforms) = preSolution
		Debug|Any CPU = Debug|Any CPU
		Release|Any CPU = Release|Any CPU
	EndGlobalSection
	GlobalSection(ProjectConfigurationPlatforms) = postSolution
		{137D5ECC-332E-450A-B7D3-D72BDD1C061A}.Debug|Any CPU.ActiveCfg = Debug|Any CPU
		{137D5ECC-332E-450A-B7D3-D72BDD1C061A}.Debug|Any CPU.Build.0 = Debug|Any CPU
		{137D5ECC-332E-450A-B7D3-D72BDD1C061A}.Release|Any CPU.ActiveCfg = Release|Any CPU
		{137D5ECC-332E-450A-B7D3-D72BDD1C061A}.Release|Any CPU.Build.0 = Release|Any CPU
	EndGlobalSection
	GlobalSection(SolutionProperties) = preSolution
		HideSolutionNode = FALSE
	EndGlobalSection
	GlobalSection(ExtensibilityGlobals) = postSolution
		SolutionGuid = {3443DAFB-50D9-4AB7-B855-663EEA69DF24}
	EndGlobalSection
EndGlobal
